
Microsoft Visual Studio Solution File, Format Version 12.00
# Visual Studio Version 16
VisualStudioVersion = 16.0.31129.286
MinimumVisualStudioVersion = 10.0.40219.1
Project("{9A19103F-16F7-4668-BE54-9A1E7A4F7556}") = "RegBot", "RegBot.csproj", "{62CAABB0-7793-4CB8-874C-2AC059B00F96}"
EndProject
Global
	GlobalSection(SolutionConfigurationPlatforms) = preSolution
		Debug|Any CPU = Debug|Any CPU
		Release|Any CPU = Release|Any CPU
	EndGlobalSection
	GlobalSection(ProjectConfigurationPlatforms) = postSolution
		{62CAABB0-7793-4CB8-874C-2AC059B00F96}.Debug|Any CPU.ActiveCfg = Debug|Any CPU
		{62CAABB0-7793-4CB8-874C-2AC059B00F96}.Debug|Any CPU.Build.0 = Debug|Any CPU
		{62CAABB0-7793-4CB8-874C-2AC059B00F96}.Release|Any CPU.ActiveCfg = Release|Any CPU
		{62CAABB0-7793-4CB8-874C-2AC059B00F96}.Release|Any CPU.Build.0 = Release|Any CPU
	EndGlobalSection
	GlobalSection(SolutionProperties) = preSolution
		HideSolutionNode = FALSE
	EndGlobalSection
	GlobalSection(ExtensibilityGlobals) = postSolution
		SolutionGuid = {0AF0389A-FDFF-49B7-9753-3E72DA64C990}
	EndGlobalSection
EndGlobal
